<?xml version="1.0" encoding="utf-8"?>
<Project ToolsVersion="4.0" xmlns="http://schemas.microsoft.com/developer/msbuild/2003">
  <ItemGroup>
    <Filter Include="ソース ファイル">
      <UniqueIdentifier>{4FC737F1-C7A5-4376-A066-2A32D752A2FF}</UniqueIdentifier>
      <Extensions>cpp;c;cc;cxx;c++;cppm;ixx;def;odl;idl;hpj;bat;asm;asmx</Extensions>
    </Filter>
    <Filter Include="ヘッダー ファイル">
      <UniqueIdentifier>{93995380-89BD-4b04-88EB-625FBE52EBFB}</UniqueIdentifier>
      <Extensions>h;hh;hpp;hxx;h++;hm;inl;inc;ipp;xsd</Extensions>
    </Filter>
    <Filter Include="リソース ファイル">
      <UniqueIdentifier>{67DA6AB6-F800-4c08-8B7A-83BB121AAD01}</UniqueIdentifier>
      <Extensions>rc;ico;cur;bmp;dlg;rc2;rct;bin;rgs;gif;jpg;jpeg;jpe;resx;tiff;tif;png;wav;mfcribbon-ms</Extensions>
    </Filter>
  </ItemGroup>
  <ItemGroup>
    <ClCompile Include="src\ColorCpp.ixx">
      <Filter>ソース ファイル</Filter>
    </ClCompile>
    <ClCompile Include="src\ColorSpace\RGB\RGB.ixx">
      <Filter>ソース ファイル</Filter>
    </ClCompile>
    <ClCompile Include="src\ColorSpace\RYB\RYB.ixx">
      <Filter>ソース ファイル</Filter>
    </ClCompile>
    <ClCompile Include="src\ColorCast\ColorCast.ixx">
      <Filter>ソース ファイル</Filter>
    </ClCompile>
    <ClCompile Include="src\Util\Math.ixx">
      <Filter>ソース ファイル</Filter>
    </ClCompile>
    <ClCompile Include="src\Util\Type.ixx">
      <Filter>ソース ファイル</Filter>
    </ClCompile>
    <ClCompile Include="src\ColorCast\ColorCastTrait.ixx">
      <Filter>ソース ファイル</Filter>
    </ClCompile>
    <ClCompile Include="src\ColorSpace\RGB\CastRGB.ixx">
      <Filter>ソース ファイル</Filter>
    </ClCompile>
    <ClCompile Include="src\ColorSpace\RYB\CastRYB.ixx">
      <Filter>ソース ファイル</Filter>
    </ClCompile>
    <ClCompile Include="src\ColorSpace\CMY\CMY.ixx">
      <Filter>ソース ファイル</Filter>
    </ClCompile>
    <ClCompile Include="src\ColorSpace\CMY\CastCMY.ixx">
      <Filter>ソース ファイル</Filter>
    </ClCompile>
    <ClCompile Include="src\ColorSpace\Lab\Lab.ixx">
      <Filter>ソース ファイル</Filter>
    </ClCompile>
    <ClCompile Include="src\ColorSpace\LCH\LCH.ixx">
      <Filter>ソース ファイル</Filter>
    </ClCompile>
    <ClCompile Include="src\ColorSpace\LCH\CastLCH.ixx">
      <Filter>ソース ファイル</Filter>
    </ClCompile>
    <ClCompile Include="src\ColorSpace\HSV\HSV.ixx">
      <Filter>ソース ファイル</Filter>
    </ClCompile>
    <ClCompile Include="src\Util\Utility.ixx">
      <Filter>ソース ファイル</Filter>
    </ClCompile>
    <ClCompile Include="src\ColorSpace\CMYK\CMYK.ixx">
      <Filter>ソース ファイル</Filter>
    </ClCompile>
    <ClCompile Include="src\ColorSpace\CMYK\CastCMYK.ixx">
      <Filter>ソース ファイル</Filter>
    </ClCompile>
    <ClCompile Include="src\ColorSpace\OkLab\OkLab.ixx">
      <Filter>ソース ファイル</Filter>
    </ClCompile>
    <ClCompile Include="src\ColorSpace\HunterLab\HunterLab.ixx">
      <Filter>ソース ファイル</Filter>
    </ClCompile>
    <ClCompile Include="src\ColorSpace\Lab\CastLab.ixx">
      <Filter>ソース ファイル</Filter>
    </ClCompile>
    <ClCompile Include="src\ColorSpace\OkLab\CastOkLab.ixx">
      <Filter>ソース ファイル</Filter>
    </ClCompile>
    <ClCompile Include="src\ColorSpace\HunterLab\CastHunterLab.ixx">
      <Filter>ソース ファイル</Filter>
    </ClCompile>
    <ClCompile Include="src\ColorSpace\OkLCH\OkLCH.ixx">
      <Filter>ソース ファイル</Filter>
    </ClCompile>
    <ClCompile Include="src\ColorSpace\OkLCH\CastOkLCH.ixx">
      <Filter>ソース ファイル</Filter>
    </ClCompile>
    <ClCompile Include="src\ColorSpace\RGBA\RGBA.ixx">
      <Filter>ソース ファイル</Filter>
    </ClCompile>
    <ClCompile Include="src\ColorSpace\RGBA32\RGBA32.ixx">
      <Filter>ソース ファイル</Filter>
    </ClCompile>
    <ClCompile Include="src\ColorSpace\RGB24\RGB24.ixx">
      <Filter>ソース ファイル</Filter>
    </ClCompile>
    <ClCompile Include="src\ColorSpace\RGB24\CastRGB24.ixx">
      <Filter>ソース ファイル</Filter>
    </ClCompile>
    <ClCompile Include="src\ColorSpace\RGBA\CastRGBA.ixx">
      <Filter>ソース ファイル</Filter>
    </ClCompile>
    <ClCompile Include="src\ColorSpace\RGBA32\CastRGBA32.ixx">
      <Filter>ソース ファイル</Filter>
    </ClCompile>
    <ClCompile Include="src\ColorSpace\HSV\CastHSV.ixx">
      <Filter>ソース ファイル</Filter>
    </ClCompile>
    <ClCompile Include="src\ColorSpace\HSL\HSL.ixx">
      <Filter>ソース ファイル</Filter>
    </ClCompile>
    <ClCompile Include="src\ColorSpace\HSL\CastHSL.ixx">
      <Filter>ソース ファイル</Filter>
    </ClCompile>
    <ClCompile Include="src\ColorSpace\Luv\Luv.ixx">
      <Filter>ソース ファイル</Filter>
    </ClCompile>
    <ClCompile Include="src\ColorSpace\Luv\CastLuv.ixx">
      <Filter>ソース ファイル</Filter>
    </ClCompile>
    <ClCompile Include="src\Util\Constants.ixx">
      <Filter>ソース ファイル</Filter>
    </ClCompile>
    <ClCompile Include="src\ColorSpace\LRGB\LRGB.ixx">
      <Filter>ソース ファイル</Filter>
    </ClCompile>
    <ClCompile Include="src\ColorSpace\LRGB\CastLRGB.ixx">
      <Filter>ソース ファイル</Filter>
    </ClCompile>
    <ClCompile Include="src\ColorSpace\XYZ\XYZ.ixx">
      <Filter>ソース ファイル</Filter>
    </ClCompile>
    <ClCompile Include="src\ColorSpace\XYZ\CastXYZ.ixx">
      <Filter>ソース ファイル</Filter>
    </ClCompile>
    <ClCompile Include="src\ColorSpace\Hex\Hex.ixx">
      <Filter>ソース ファイル</Filter>
    </ClCompile>
    <ClCompile Include="src\ColorSpace\Hex\CastHex.ixx">
      <Filter>ソース ファイル</Filter>
    </ClCompile>
    <ClCompile Include="src\ColorCast\ColorCastDependency.ixx">
      <Filter>ソース ファイル</Filter>
    </ClCompile>
    <ClCompile Include="src\ColorSpace\HWB\HWB.ixx">
      <Filter>ソース ファイル</Filter>
    </ClCompile>
    <ClCompile Include="src\Util\ColorUtil.ixx">
      <Filter>ソース ファイル</Filter>
    </ClCompile>
    <ClCompile Include="src\ColorSpace\HWB\CastHWB.ixx">
      <Filter>ソース ファイル</Filter>
    </ClCompile>
    <ClCompile Include="src\ColorSpace\XyY\XyY.ixx">
      <Filter>ソース ファイル</Filter>
    </ClCompile>
    <ClCompile Include="src\ColorSpace\XyY\CastXyY.ixx">
      <Filter>ソース ファイル</Filter>
    </ClCompile>
    <ClCompile Include="src\ColorSpace\ITP\ITP.ixx">
      <Filter>ソース ファイル</Filter>
    </ClCompile>
    <ClCompile Include="src\ColorSpace\HSI\HSI.ixx">
      <Filter>ソース ファイル</Filter>
    </ClCompile>
    <ClCompile Include="src\ColorSpace\HSI\CastHSI.ixx">
      <Filter>ソース ファイル</Filter>
    </ClCompile>
    <ClCompile Include="src\ColorSpace\ITP\CastITP.ixx">
      <Filter>ソース ファイル</Filter>
    </ClCompile>
    <ClCompile Include="src\ColorSpace\DisplayP3\CastDisplayP3.ixx">
      <Filter>ソース ファイル</Filter>
    </ClCompile>
    <ClCompile Include="src\ColorSpace\DisplayP3\DisplayP3.ixx">
      <Filter>ソース ファイル</Filter>
    </ClCompile>
    <ClCompile Include="src\ColorSpace\A98\A98.ixx">
      <Filter>ソース ファイル</Filter>
    </ClCompile>
    <ClCompile Include="src\ColorSpace\A98\CastA98.ixx">
      <Filter>ソース ファイル</Filter>
    </ClCompile>
    <ClCompile Include="src\ColorSpace\Prophoto\Prophoto.ixx">
      <Filter>ソース ファイル</Filter>
    </ClCompile>
    <ClCompile Include="src\ColorSpace\Prophoto\CastProphoto.ixx">
      <Filter>ソース ファイル</Filter>
    </ClCompile>
    <ClCompile Include="src\ColorSpace\Rec2020\Rec2020.ixx">
      <Filter>ソース ファイル</Filter>
    </ClCompile>
    <ClCompile Include="src\ColorSpace\Rec2020\CastRec2020.ixx">
      <Filter>ソース ファイル</Filter>
    </ClCompile>
    <ClCompile Include="src\ColorSpace\YIQ\CastYIQ.ixx">
      <Filter>ソース ファイル</Filter>
    </ClCompile>
    <ClCompile Include="src\ColorSpace\YIQ\YIQ.ixx">
      <Filter>ソース ファイル</Filter>
    </ClCompile>
    <ClCompile Include="src\ColorDiff\ColorDiff.ixx">
      <Filter>ソース ファイル</Filter>
    </ClCompile>
    <ClCompile Include="src\ColorDiff\Euclidean\Euclidean.ixx">
      <Filter>ソース ファイル</Filter>
    </ClCompile>
    <ClCompile Include="src\ColorSpace\ColorSpace.ixx">
      <Filter>ソース ファイル</Filter>
    </ClCompile>
    <ClCompile Include="src\ColorDiff\ColorDiffTraits.ixx">
      <Filter>ソース ファイル</Filter>
    </ClCompile>
    <ClCompile Include="src\ColorSpace\RGB\DiffRGB.ixx">
      <Filter>ソース ファイル</Filter>
    </ClCompile>
    <ClCompile Include="src\Internal\InternalUtil.ixx">
      <Filter>ソース ファイル</Filter>
    </ClCompile>
    <ClCompile Include="src\ColorSpace\A98\DiffA98.ixx">
      <Filter>ソース ファイル</Filter>
    </ClCompile>
    <ClCompile Include="src\ColorSpace\Prophoto\DiffProphoto.ixx">
      <Filter>ソース ファイル</Filter>
    </ClCompile>
    <ClCompile Include="src\ColorSpace\Rec2020\DiffRec2020.ixx">
      <Filter>ソース ファイル</Filter>
    </ClCompile>
    <ClCompile Include="src\ColorSpace\DisplayP3\DiffDisplayP3.ixx">
      <Filter>ソース ファイル</Filter>
    </ClCompile>
    <ClCompile Include="src\ColorSpace\XYZ\DiffXYZ.ixx">
      <Filter>ソース ファイル</Filter>
    </ClCompile>
    <ClCompile Include="src\ColorSpace\XyY\DiffXyY.ixx">
      <Filter>ソース ファイル</Filter>
    </ClCompile>
    <ClCompile Include="src\ColorSpace\YIQ\DiffYIQ.ixx">
      <Filter>ソース ファイル</Filter>
    </ClCompile>
    <ClCompile Include="src\ColorSpace\RYB\DiffRYB.ixx">
      <Filter>ソース ファイル</Filter>
    </ClCompile>
    <ClCompile Include="src\ColorSpace\RGBA32\DiffRGBA32.ixx">
      <Filter>ソース ファイル</Filter>
    </ClCompile>
    <ClCompile Include="src\ColorSpace\RGBA\DiffRGBA.ixx">
      <Filter>ソース ファイル</Filter>
    </ClCompile>
    <ClCompile Include="src\ColorSpace\RGB24\DiffRGB24.ixx">
      <Filter>ソース ファイル</Filter>
    </ClCompile>
    <ClCompile Include="src\ColorSpace\Hex\DiffHex.ixx">
      <Filter>ソース ファイル</Filter>
    </ClCompile>
    <ClCompile Include="src\ColorSpace\CMY\DiffCMY.ixx">
      <Filter>ソース ファイル</Filter>
    </ClCompile>
    <ClCompile Include="src\ColorSpace\CMYK\DiffCMYK.ixx">
      <Filter>ソース ファイル</Filter>
    </ClCompile>
    <ClCompile Include="src\ColorSpace\HSI\DiffHSI.ixx">
      <Filter>ソース ファイル</Filter>
    </ClCompile>
    <ClCompile Include="src\ColorSpace\HSL\DiffHSL.ixx">
      <Filter>ソース ファイル</Filter>
    </ClCompile>
    <ClCompile Include="src\ColorSpace\HSV\DiffHSV.ixx">
      <Filter>ソース ファイル</Filter>
    </ClCompile>
    <ClCompile Include="src\ColorSpace\ITP\DiffITP.ixx">
      <Filter>ソース ファイル</Filter>
    </ClCompile>
    <ClCompile Include="src\ColorSpace\LRGB\DiffLRGB.ixx">
      <Filter>ソース ファイル</Filter>
    </ClCompile>
    <ClCompile Include="src\ColorSpace\HWB\DiffHWB.ixx">
      <Filter>ソース ファイル</Filter>
    </ClCompile>
    <ClCompile Include="src\ColorSpace\OkLCH\DiffOKLCH.ixx">
      <Filter>ソース ファイル</Filter>
    </ClCompile>
    <ClCompile Include="src\ColorSpace\LCH\DiffLCH.ixx">
      <Filter>ソース ファイル</Filter>
    </ClCompile>
  </ItemGroup>
</Project>